
Microsoft Visual Studio Solution File, Format Version 12.00
# Visual Studio Version 16
VisualStudioVersion = 16.0.29613.14
MinimumVisualStudioVersion = 10.0.40219.1
Project("{FAE04EC0-301F-11D3-BF4B-00C04F79EFBC}") = "Mazes.Models", "Mazes.Models\Mazes.Models.csproj", "{26F457FA-E4A5-4E62-9B5F-DF9B985C4CE2}"
EndProject
Project("{FAE04EC0-301F-11D3-BF4B-00C04F79EFBC}") = "Mazes.Console", "Mazes.Console\Mazes.Console.csproj", "{B79D85FF-8825-4E3E-BB8B-07992B683342}"
EndProject
Project("{FAE04EC0-301F-11D3-BF4B-00C04F79EFBC}") = "Mazes.UI", "Mazes.UI\Mazes.UI.csproj", "{20341265-D26E-45E2-9D39-8AE26807E0B5}"
EndProject
Global
	GlobalSection(SolutionConfigurationPlatforms) = preSolution
		Debug|Any CPU = Debug|Any CPU
		Release|Any CPU = Release|Any CPU
	EndGlobalSection
	GlobalSection(ProjectConfigurationPlatforms) = postSolution
		{26F457FA-E4A5-4E62-9B5F-DF9B985C4CE2}.Debug|Any CPU.ActiveCfg = Debug|Any CPU
		{26F457FA-E4A5-4E62-9B5F-DF9B985C4CE2}.Debug|Any CPU.Build.0 = Debug|Any CPU
		{26F457FA-E4A5-4E62-9B5F-DF9B985C4CE2}.Release|Any CPU.ActiveCfg = Release|Any CPU
		{26F457FA-E4A5-4E62-9B5F-DF9B985C4CE2}.Release|Any CPU.Build.0 = Release|Any CPU
		{B79D85FF-8825-4E3E-BB8B-07992B683342}.Debug|Any CPU.ActiveCfg = Debug|Any CPU
		{B79D85FF-8825-4E3E-BB8B-07992B683342}.Debug|Any CPU.Build.0 = Debug|Any CPU
		{B79D85FF-8825-4E3E-BB8B-07992B683342}.Release|Any CPU.ActiveCfg = Release|Any CPU
		{B79D85FF-8825-4E3E-BB8B-07992B683342}.Release|Any CPU.Build.0 = Release|Any CPU
		{20341265-D26E-45E2-9D39-8AE26807E0B5}.Debug|Any CPU.ActiveCfg = Debug|Any CPU
		{20341265-D26E-45E2-9D39-8AE26807E0B5}.Debug|Any CPU.Build.0 = Debug|Any CPU
		{20341265-D26E-45E2-9D39-8AE26807E0B5}.Release|Any CPU.ActiveCfg = Release|Any CPU
		{20341265-D26E-45E2-9D39-8AE26807E0B5}.Release|Any CPU.Build.0 = Release|Any CPU
	EndGlobalSection
	GlobalSection(SolutionProperties) = preSolution
		HideSolutionNode = FALSE
	EndGlobalSection
	GlobalSection(ExtensibilityGlobals) = postSolution
		SolutionGuid = {E246E831-2EFC-4234-A2E8-559DEA9F5C51}
	EndGlobalSection
EndGlobal
